
Microsoft Visual Studio Solution File, Format Version 12.00
# Visual Studio Version 17
VisualStudioVersion = 17.4.33213.308
MinimumVisualStudioVersion = 10.0.40219.1
Project("{FAE04EC0-301F-11D3-BF4B-00C04F79EFBC}") = "AVRGame", "AVRGame\AVRGame.csproj", "{6C2D3232-1A3B-4823-AAE9-6C6E91A48497}"
EndProject
Global
	GlobalSection(SolutionConfigurationPlatforms) = preSolution
		Debug|Any CPU = Debug|Any CPU
		Release|Any CPU = Release|Any CPU
	EndGlobalSection
	GlobalSection(ProjectConfigurationPlatforms) = postSolution
		{6C2D3232-1A3B-4823-AAE9-6C6E91A48497}.Debug|Any CPU.ActiveCfg = Debug|Any CPU
		{6C2D3232-1A3B-4823-AAE9-6C6E91A48497}.Debug|Any CPU.Build.0 = Debug|Any CPU
		{6C2D3232-1A3B-4823-AAE9-6C6E91A48497}.Release|Any CPU.ActiveCfg = Release|Any CPU
		{6C2D3232-1A3B-4823-AAE9-6C6E91A48497}.Release|Any CPU.Build.0 = Release|Any CPU
	EndGlobalSection
	GlobalSection(SolutionProperties) = preSolution
		HideSolutionNode = FALSE
	EndGlobalSection
	GlobalSection(ExtensibilityGlobals) = postSolution
		SolutionGuid = {C9945B6F-F4D5-4ECF-8422-62EF0F8F11E0}
	EndGlobalSection
EndGlobal
